// !$*UTF8*$!
{
	archiveVersion = 1;
	classes = {
	};
	objectVersion = 46;
	objects = {

/* Begin PBXBuildFile section */
		00B1B9281ACAA90100A8E285 /* PhotoTweaks.strings in Resources */ = {isa = PBXBuildFile; fileRef = 00B1B92A1ACAA90100A8E285 /* PhotoTweaks.strings */; };
		B71706151A32A18D00A6CC10 /* UIColor+Tweak.m in Sources */ = {isa = PBXBuildFile; fileRef = B71706141A32A18D00A6CC10 /* UIColor+Tweak.m */; };
		CB3496FC1A3207E800C7EB0E /* PhotoTweaksViewController.m in Sources */ = {isa = PBXBuildFile; fileRef = CB3496FB1A3207E800C7EB0E /* PhotoTweaksViewController.m */; };
		CBD5FA591A28425300D4D520 /* main.m in Sources */ = {isa = PBXBuildFile; fileRef = CBD5FA581A28425300D4D520 /* main.m */; };
		CBD5FA5C1A28425300D4D520 /* AppDelegate.m in Sources */ = {isa = PBXBuildFile; fileRef = CBD5FA5B1A28425300D4D520 /* AppDelegate.m */; };
		CBD5FA621A28425300D4D520 /* Main.storyboard in Resources */ = {isa = PBXBuildFile; fileRef = CBD5FA601A28425300D4D520 /* Main.storyboard */; };
		CBD5FA641A28425300D4D520 /* Images.xcassets in Resources */ = {isa = PBXBuildFile; fileRef = CBD5FA631A28425300D4D520 /* Images.xcassets */; };
		CBD5FA671A28425300D4D520 /* LaunchScreen.xib in Resources */ = {isa = PBXBuildFile; fileRef = CBD5FA651A28425300D4D520 /* LaunchScreen.xib */; };
		CBD5FA731A28425300D4D520 /* PhotoTweaksTests.m in Sources */ = {isa = PBXBuildFile; fileRef = CBD5FA721A28425300D4D520 /* PhotoTweaksTests.m */; };
		CBDE57B71A2CAA0700285CFF /* PhotoTweakView.m in Sources */ = {isa = PBXBuildFile; fileRef = CBDE57B61A2CAA0600285CFF /* PhotoTweakView.m */; };
/* End PBXBuildFile section */

/* Begin PBXContainerItemProxy section */
		CBD5FA6D1A28425300D4D520 /* PBXContainerItemProxy */ = {
			isa = PBXContainerItemProxy;
			containerPortal = CBD5FA4B1A28425300D4D520 /* Project object */;
			proxyType = 1;
			remoteGlobalIDString = CBD5FA521A28425300D4D520;
			remoteInfo = PhotoTweaks;
		};
/* End PBXContainerItemProxy section */

/* Begin PBXFileReference section */
		00B1B9291ACAA90100A8E285 /* en */ = {isa = PBXFileReference; lastKnownFileType = text.plist.strings; name = en; path = en.lproj/PhotoTweaks.strings; sourceTree = "<group>"; };
		00B1B9361ACAA98400A8E285 /* zh-Hans */ = {isa = PBXFileReference; lastKnownFileType = text.plist.strings; name = "zh-Hans"; path = "zh-Hans.lproj/PhotoTweaks.strings"; sourceTree = "<group>"; };
		B71706131A32A18D00A6CC10 /* UIColor+Tweak.h */ = {isa = PBXFileReference; fileEncoding = 4; lastKnownFileType = sourcecode.c.h; path = "UIColor+Tweak.h"; sourceTree = "<group>"; };
		B71706141A32A18D00A6CC10 /* UIColor+Tweak.m */ = {isa = PBXFileReference; fileEncoding = 4; lastKnownFileType = sourcecode.c.objc; path = "UIColor+Tweak.m"; sourceTree = "<group>"; };
		CB3496FA1A3207E800C7EB0E /* PhotoTweaksViewController.h */ = {isa = PBXFileReference; fileEncoding = 4; lastKnownFileType = sourcecode.c.h; path = PhotoTweaksViewController.h; sourceTree = "<group>"; };
		CB3496FB1A3207E800C7EB0E /* PhotoTweaksViewController.m */ = {isa = PBXFileReference; fileEncoding = 4; lastKnownFileType = sourcecode.c.objc; path = PhotoTweaksViewController.m; sourceTree = "<group>"; };
		CBD5FA531A28425300D4D520 /* PhotoTweaks.app */ = {isa = PBXFileReference; explicitFileType = wrapper.application; includeInIndex = 0; path = PhotoTweaks.app; sourceTree = BUILT_PRODUCTS_DIR; };
		CBD5FA571A28425300D4D520 /* Info.plist */ = {isa = PBXFileReference; lastKnownFileType = text.plist.xml; path = Info.plist; sourceTree = "<group>"; };
		CBD5FA581A28425300D4D520 /* main.m */ = {isa = PBXFileReference; lastKnownFileType = sourcecode.c.objc; path = main.m; sourceTree = "<group>"; };
		CBD5FA5A1A28425300D4D520 /* AppDelegate.h */ = {isa = PBXFileReference; lastKnownFileType = sourcecode.c.h; path = AppDelegate.h; sourceTree = "<group>"; };
		CBD5FA5B1A28425300D4D520 /* AppDelegate.m */ = {isa = PBXFileReference; lastKnownFileType = sourcecode.c.objc; path = AppDelegate.m; sourceTree = "<group>"; };
		CBD5FA611A28425300D4D520 /* Base */ = {isa = PBXFileReference; lastKnownFileType = file.storyboard; name = Base; path = Base.lproj/Main.storyboard; sourceTree = "<group>"; };
		CBD5FA631A28425300D4D520 /* Images.xcassets */ = {isa = PBXFileReference; lastKnownFileType = folder.assetcatalog; path = Images.xcassets; sourceTree = "<group>"; };
		CBD5FA661A28425300D4D520 /* Base */ = {isa = PBXFileReference; lastKnownFileType = file.xib; name = Base; path = Base.lproj/LaunchScreen.xib; sourceTree = "<group>"; };
		CBD5FA6C1A28425300D4D520 /* PhotoTweaksTests.xctest */ = {isa = PBXFileReference; explicitFileType = wrapper.cfbundle; includeInIndex = 0; path = PhotoTweaksTests.xctest; sourceTree = BUILT_PRODUCTS_DIR; };
		CBD5FA711A28425300D4D520 /* Info.plist */ = {isa = PBXFileReference; lastKnownFileType = text.plist.xml; path = Info.plist; sourceTree = "<group>"; };
		CBD5FA721A28425300D4D520 /* PhotoTweaksTests.m */ = {isa = PBXFileReference; lastKnownFileType = sourcecode.c.objc; path = PhotoTweaksTests.m; sourceTree = "<group>"; };
		CBDE57B51A2CAA0600285CFF /* PhotoTweakView.h */ = {isa = PBXFileReference; fileEncoding = 4; lastKnownFileType = sourcecode.c.h; path = PhotoTweakView.h; sourceTree = "<group>"; };
		CBDE57B61A2CAA0600285CFF /* PhotoTweakView.m */ = {isa = PBXFileReference; fileEncoding = 4; lastKnownFileType = sourcecode.c.objc; path = PhotoTweakView.m; sourceTree = "<group>"; };
/* End PBXFileReference section */

/* Begin PBXFrameworksBuildPhase section */
		CBD5FA501A28425300D4D520 /* Frameworks */ = {
			isa = PBXFrameworksBuildPhase;
			buildActionMask = 2147483647;
			files = (
			);
			runOnlyForDeploymentPostprocessing = 0;
		};
		CBD5FA691A28425300D4D520 /* Frameworks */ = {
			isa = PBXFrameworksBuildPhase;
			buildActionMask = 2147483647;
			files = (
			);
			runOnlyForDeploymentPostprocessing = 0;
		};
/* End PBXFrameworksBuildPhase section */

/* Begin PBXGroup section */
		CBD5FA4A1A28425300D4D520 = {
			isa = PBXGroup;
			children = (
				CBD5FA551A28425300D4D520 /* PhotoTweaks */,
				CBD5FA6F1A28425300D4D520 /* PhotoTweaksTests */,
				CBD5FA541A28425300D4D520 /* Products */,
			);
			sourceTree = "<group>";
		};
		CBD5FA541A28425300D4D520 /* Products */ = {
			isa = PBXGroup;
			children = (
				CBD5FA531A28425300D4D520 /* PhotoTweaks.app */,
				CBD5FA6C1A28425300D4D520 /* PhotoTweaksTests.xctest */,
			);
			name = Products;
			sourceTree = "<group>";
		};
		CBD5FA551A28425300D4D520 /* PhotoTweaks */ = {
			isa = PBXGroup;
			children = (
				CBDE57B41A2CA9EE00285CFF /* PhotoTweaks */,
				CBD5FA5A1A28425300D4D520 /* AppDelegate.h */,
				CBD5FA5B1A28425300D4D520 /* AppDelegate.m */,
				CBD5FA601A28425300D4D520 /* Main.storyboard */,
				CBD5FA631A28425300D4D520 /* Images.xcassets */,
				CBD5FA651A28425300D4D520 /* LaunchScreen.xib */,
				CBD5FA561A28425300D4D520 /* Supporting Files */,
			);
			path = PhotoTweaks;
			sourceTree = "<group>";
		};
		CBD5FA561A28425300D4D520 /* Supporting Files */ = {
			isa = PBXGroup;
			children = (
				CBD5FA571A28425300D4D520 /* Info.plist */,
				CBD5FA581A28425300D4D520 /* main.m */,
				00B1B92A1ACAA90100A8E285 /* PhotoTweaks.strings */,
			);
			name = "Supporting Files";
			sourceTree = "<group>";
		};
		CBD5FA6F1A28425300D4D520 /* PhotoTweaksTests */ = {
			isa = PBXGroup;
			children = (
				CBD5FA721A28425300D4D520 /* PhotoTweaksTests.m */,
				CBD5FA701A28425300D4D520 /* Supporting Files */,
			);
			path = PhotoTweaksTests;
			sourceTree = "<group>";
		};
		CBD5FA701A28425300D4D520 /* Supporting Files */ = {
			isa = PBXGroup;
			children = (
				CBD5FA711A28425300D4D520 /* Info.plist */,
			);
			name = "Supporting Files";
			sourceTree = "<group>";
		};
		CBDE57B41A2CA9EE00285CFF /* PhotoTweaks */ = {
			isa = PBXGroup;
			children = (
				CB3496FA1A3207E800C7EB0E /* PhotoTweaksViewController.h */,
				CB3496FB1A3207E800C7EB0E /* PhotoTweaksViewController.m */,
				CBDE57B51A2CAA0600285CFF /* PhotoTweakView.h */,
				CBDE57B61A2CAA0600285CFF /* PhotoTweakView.m */,
				B71706131A32A18D00A6CC10 /* UIColor+Tweak.h */,
				B71706141A32A18D00A6CC10 /* UIColor+Tweak.m */,
			);
			path = PhotoTweaks;
			sourceTree = "<group>";
		};
/* End PBXGroup section */

/* Begin PBXNativeTarget section */
		CBD5FA521A28425300D4D520 /* PhotoTweaks */ = {
			isa = PBXNativeTarget;
			buildConfigurationList = CBD5FA761A28425300D4D520 /* Build configuration list for PBXNativeTarget "PhotoTweaks" */;
			buildPhases = (
				CBD5FA4F1A28425300D4D520 /* Sources */,
				CBD5FA501A28425300D4D520 /* Frameworks */,
				CBD5FA511A28425300D4D520 /* Resources */,
			);
			buildRules = (
			);
			dependencies = (
			);
			name = PhotoTweaks;
			productName = PhotoTweaks;
			productReference = CBD5FA531A28425300D4D520 /* PhotoTweaks.app */;
			productType = "com.apple.product-type.application";
		};
		CBD5FA6B1A28425300D4D520 /* PhotoTweaksTests */ = {
			isa = PBXNativeTarget;
			buildConfigurationList = CBD5FA791A28425300D4D520 /* Build configuration list for PBXNativeTarget "PhotoTweaksTests" */;
			buildPhases = (
				CBD5FA681A28425300D4D520 /* Sources */,
				CBD5FA691A28425300D4D520 /* Frameworks */,
				CBD5FA6A1A28425300D4D520 /* Resources */,
			);
			buildRules = (
			);
			dependencies = (
				CBD5FA6E1A28425300D4D520 /* PBXTargetDependency */,
			);
			name = PhotoTweaksTests;
			productName = PhotoTweaksTests;
			productReference = CBD5FA6C1A28425300D4D520 /* PhotoTweaksTests.xctest */;
			productType = "com.apple.product-type.bundle.unit-test";
		};
/* End PBXNativeTarget section */

/* Begin PBXProject section */
		CBD5FA4B1A28425300D4D520 /* Project object */ = {
			isa = PBXProject;
			attributes = {
				LastUpgradeCheck = 0610;
				ORGANIZATIONNAME = "Tu You";
				TargetAttributes = {
					CBD5FA521A28425300D4D520 = {
						CreatedOnToolsVersion = 6.1;
					};
					CBD5FA6B1A28425300D4D520 = {
						CreatedOnToolsVersion = 6.1;
						TestTargetID = CBD5FA521A28425300D4D520;
					};
				};
			};
			buildConfigurationList = CBD5FA4E1A28425300D4D520 /* Build configuration list for PBXProject "PhotoTweaks" */;
			compatibilityVersion = "Xcode 3.2";
			developmentRegion = English;
			hasScannedForEncodings = 0;
			knownRegions = (
				en,
				Base,
				"zh-Hans",
			);
			mainGroup = CBD5FA4A1A28425300D4D520;
			productRefGroup = CBD5FA541A28425300D4D520 /* Products */;
			projectDirPath = "";
			projectRoot = "";
			targets = (
				CBD5FA521A28425300D4D520 /* PhotoTweaks */,
				CBD5FA6B1A28425300D4D520 /* PhotoTweaksTests */,
			);
		};
/* End PBXProject section */

/* Begin PBXResourcesBuildPhase section */
		CBD5FA511A28425300D4D520 /* Resources */ = {
			isa = PBXResourcesBuildPhase;
			buildActionMask = 2147483647;
			files = (
				00B1B9281ACAA90100A8E285 /* PhotoTweaks.strings in Resources */,
				CBD5FA621A28425300D4D520 /* Main.storyboard in Resources */,
				CBD5FA671A28425300D4D520 /* LaunchScreen.xib in Resources */,
				CBD5FA641A28425300D4D520 /* Images.xcassets in Resources */,
			);
			runOnlyForDeploymentPostprocessing = 0;
		};
		CBD5FA6A1A28425300D4D520 /* Resources */ = {
			isa = PBXResourcesBuildPhase;
			buildActionMask = 2147483647;
			files = (
			);
			runOnlyForDeploymentPostprocessing = 0;
		};
/* End PBXResourcesBuildPhase section */

/* Begin PBXSourcesBuildPhase section */
		CBD5FA4F1A28425300D4D520 /* Sources */ = {
			isa = PBXSourcesBuildPhase;
			buildActionMask = 2147483647;
			files = (
				CBD5FA5C1A28425300D4D520 /* AppDelegate.m in Sources */,
				B71706151A32A18D00A6CC10 /* UIColor+Tweak.m in Sources */,
				CBD5FA591A28425300D4D520 /* main.m in Sources */,
				CB3496FC1A3207E800C7EB0E /* PhotoTweaksViewController.m in Sources */,
				CBDE57B71A2CAA0700285CFF /* PhotoTweakView.m in Sources */,
			);
			runOnlyForDeploymentPostprocessing = 0;
		};
		CBD5FA681A28425300D4D520 /* Sources */ = {
			isa = PBXSourcesBuildPhase;
			buildActionMask = 2147483647;
			files = (
				CBD5FA731A28425300D4D520 /* PhotoTweaksTests.m in Sources */,
			);
			runOnlyForDeploymentPostprocessing = 0;
		};
/* End PBXSourcesBuildPhase section */

/* Begin PBXTargetDependency section */
		CBD5FA6E1A28425300D4D520 /* PBXTargetDependency */ = {
			isa = PBXTargetDependency;
			target = CBD5FA521A28425300D4D520 /* PhotoTweaks */;
			targetProxy = CBD5FA6D1A28425300D4D520 /* PBXContainerItemProxy */;
		};
/* End PBXTargetDependency section */

/* Begin PBXVariantGroup section */
		00B1B92A1ACAA90100A8E285 /* PhotoTweaks.strings */ = {
			isa = PBXVariantGroup;
			children = (
				00B1B9291ACAA90100A8E285 /* en */,
				00B1B9361ACAA98400A8E285 /* zh-Hans */,
			);
			name = PhotoTweaks.strings;
			sourceTree = "<group>";
		};
		CBD5FA601A28425300D4D520 /* Main.storyboard */ = {
			isa = PBXVariantGroup;
			children = (
				CBD5FA611A28425300D4D520 /* Base */,
			);
			name = Main.storyboard;
			sourceTree = "<group>";
		};
		CBD5FA651A28425300D4D520 /* LaunchScreen.xib */ = {
			isa = PBXVariantGroup;
			children = (
				CBD5FA661A28425300D4D520 /* Base */,
			);
			name = LaunchScreen.xib;
			sourceTree = "<group>";
		};
/* End PBXVariantGroup section */

/* Begin XCBuildConfiguration section */
		CBD5FA741A28425300D4D520 /* Debug */ = {
			isa = XCBuildConfiguration;
			buildSettings = {
				ALWAYS_SEARCH_USER_PATHS = NO;
				CLANG_CXX_LANGUAGE_STANDARD = "gnu++0x";
				CLANG_CXX_LIBRARY = "libc++";
				CLANG_ENABLE_MODULES = YES;
				CLANG_ENABLE_OBJC_ARC = YES;
				CLANG_WARN_BOOL_CONVERSION = YES;
				CLANG_WARN_CONSTANT_CONVERSION = YES;
				CLANG_WARN_DIRECT_OBJC_ISA_USAGE = YES_ERROR;
				CLANG_WARN_EMPTY_BODY = YES;
				CLANG_WARN_ENUM_CONVERSION = YES;
				CLANG_WARN_INT_CONVERSION = YES;
				CLANG_WARN_OBJC_ROOT_CLASS = YES_ERROR;
				CLANG_WARN_UNREACHABLE_CODE = YES;
				CLANG_WARN__DUPLICATE_METHOD_MATCH = YES;
				"CODE_SIGN_IDENTITY[sdk=iphoneos*]" = "iPhone Developer";
				COPY_PHASE_STRIP = NO;
				ENABLE_STRICT_OBJC_MSGSEND = YES;
				GCC_C_LANGUAGE_STANDARD = gnu99;
				GCC_DYNAMIC_NO_PIC = NO;
				GCC_OPTIMIZATION_LEVEL = 0;
				GCC_PREPROCESSOR_DEFINITIONS = (
					"DEBUG=1",
					"$(inherited)",
				);
				GCC_SYMBOLS_PRIVATE_EXTERN = NO;
				GCC_WARN_64_TO_32_BIT_CONVERSION = YES;
				GCC_WARN_ABOUT_RETURN_TYPE = YES_ERROR;
				GCC_WARN_UNDECLARED_SELECTOR = YES;
				GCC_WARN_UNINITIALIZED_AUTOS = YES_AGGRESSIVE;
				GCC_WARN_UNUSED_FUNCTION = YES;
				GCC_WARN_UNUSED_VARIABLE = YES;
				IPHONEOS_DEPLOYMENT_TARGET = 8.1;
				MTL_ENABLE_DEBUG_INFO = YES;
				ONLY_ACTIVE_ARCH = YES;
				SDKROOT = iphoneos;
				TARGETED_DEVICE_FAMILY = "1,2";
			};
			name = Debug;
		};
		CBD5FA751A28425300D4D520 /* Release */ = {
			isa = XCBuildConfiguration;
			buildSettings = {
				ALWAYS_SEARCH_USER_PATHS = NO;
				CLANG_CXX_LANGUAGE_STANDARD = "gnu++0x";
				CLANG_CXX_LIBRARY = "libc++";
				CLANG_ENABLE_MODULES = YES;
				CLANG_ENABLE_OBJC_ARC = YES;
				CLANG_WARN_BOOL_CONVERSION = YES;
				CLANG_WARN_CONSTANT_CONVERSION = YES;
				CLANG_WARN_DIRECT_OBJC_ISA_USAGE = YES_ERROR;
				CLANG_WARN_EMPTY_BODY = YES;
				CLANG_WARN_ENUM_CONVERSION = YES;
				CLANG_WARN_INT_CONVERSION = YES;
				CLANG_WARN_OBJC_ROOT_CLASS = YES_ERROR;
				CLANG_WARN_UNREACHABLE_CODE = YES;
				CLANG_WARN__DUPLICATE_METHOD_MATCH = YES;
				"CODE_SIGN_IDENTITY[sdk=iphoneos*]" = "iPhone Developer";
				COPY_PHASE_STRIP = YES;
				ENABLE_NS_ASSERTIONS = NO;
				ENABLE_STRICT_OBJC_MSGSEND = YES;
				GCC_C_LANGUAGE_STANDARD = gnu99;
				GCC_WARN_64_TO_32_BIT_CONVERSION = YES;
				GCC_WARN_ABOUT_RETURN_TYPE = YES_ERROR;
				GCC_WARN_UNDECLARED_SELECTOR = YES;
				GCC_WARN_UNINITIALIZED_AUTOS = YES_AGGRESSIVE;
				GCC_WARN_UNUSED_FUNCTION = YES;
				GCC_WARN_UNUSED_VARIABLE = YES;
				IPHONEOS_DEPLOYMENT_TARGET = 8.1;
				MTL_ENABLE_DEBUG_INFO = NO;
				SDKROOT = iphoneos;
				TARGETED_DEVICE_FAMILY = "1,2";
				VALIDATE_PRODUCT = YES;
			};
			name = Release;
		};
		CBD5FA771A28425300D4D520 /* Debug */ = {
			isa = XCBuildConfiguration;
			buildSettings = {
				ASSETCATALOG_COMPILER_APPICON_NAME = AppIcon;
				INFOPLIST_FILE = PhotoTweaks/Info.plist;
				IPHONEOS_DEPLOYMENT_TARGET = 7.0;
				LD_RUNPATH_SEARCH_PATHS = "$(inherited) @executable_path/Frameworks";
				PRODUCT_NAME = "$(TARGET_NAME)";
				TARGETED_DEVICE_FAMILY = 1;
			};
			name = Debug;
		};
		CBD5FA781A28425300D4D520 /* Release */ = {
			isa = XCBuildConfiguration;
			buildSettings = {
				ASSETCATALOG_COMPILER_APPICON_NAME = AppIcon;
				INFOPLIST_FILE = PhotoTweaks/Info.plist;
				IPHONEOS_DEPLOYMENT_TARGET = 7.0;
				LD_RUNPATH_SEARCH_PATHS = "$(inherited) @executable_path/Frameworks";
				PRODUCT_NAME = "$(TARGET_NAME)";
				TARGETED_DEVICE_FAMILY = 1;
			};
			name = Release;
		};
		CBD5FA7A1A28425300D4D520 /* Debug */ = {
			isa = XCBuildConfiguration;
			buildSettings = {
				BUNDLE_LOADER = "$(TEST_HOST)";
				FRAMEWORK_SEARCH_PATHS = (
					"$(SDKROOT)/Developer/Library/Frameworks",
					"$(inherited)",
				);
				GCC_PREPROCESSOR_DEFINITIONS = (
					"DEBUG=1",
					"$(inherited)",
				);
				INFOPLIST_FILE = PhotoTweaksTests/Info.plist;
				LD_RUNPATH_SEARCH_PATHS = "$(inherited) @executable_path/Frameworks @loader_path/Frameworks";
				PRODUCT_NAME = "$(TARGET_NAME)";
				TEST_HOST = "$(BUILT_PRODUCTS_DIR)/PhotoTweaks.app/PhotoTweaks";
			};
			name = Debug;
		};
		CBD5FA7B1A28425300D4D520 /* Release */ = {
			isa = XCBuildConfiguration;
			buildSettings = {
				BUNDLE_LOADER = "$(TEST_HOST)";
				FRAMEWORK_SEARCH_PATHS = (
					"$(SDKROOT)/Developer/Library/Frameworks",
					"$(inherited)",
				);
				INFOPLIST_FILE = PhotoTweaksTests/Info.plist;
				LD_RUNPATH_SEARCH_PATHS = "$(inherited) @executable_path/Frameworks @loader_path/Frameworks";
				PRODUCT_NAME = "$(TARGET_NAME)";
				TEST_HOST = "$(BUILT_PRODUCTS_DIR)/PhotoTweaks.app/PhotoTweaks";
			};
			name = Release;
		};
/* End XCBuildConfiguration section */

/* Begin XCConfigurationList section */
		CBD5FA4E1A28425300D4D520 /* Build configuration list for PBXProject "PhotoTweaks" */ = {
			isa = XCConfigurationList;
			buildConfigurations = (
				CBD5FA741A28425300D4D520 /* Debug */,
				CBD5FA751A28425300D4D520 /* Release */,
			);
			defaultConfigurationIsVisible = 0;
			defaultConfigurationName = Release;
		};
		CBD5FA761A28425300D4D520 /* Build configuration list for PBXNativeTarget "PhotoTweaks" */ = {
			isa = XCConfigurationList;
			buildConfigurations = (
				CBD5FA771A28425300D4D520 /* Debug */,
				CBD5FA781A28425300D4D520 /* Release */,
			);
			defaultConfigurationIsVisible = 0;
			defaultConfigurationName = Release;
		};
		CBD5FA791A28425300D4D520 /* Build configuration list for PBXNativeTarget "PhotoTweaksTests" */ = {
			isa = XCConfigurationList;
			buildConfigurations = (
				CBD5FA7A1A28425300D4D520 /* Debug */,
				CBD5FA7B1A28425300D4D520 /* Release */,
			);
			defaultConfigurationIsVisible = 0;
			defaultConfigurationName = Release;
		};
/* End XCConfigurationList section */
	};
	rootObject = CBD5FA4B1A28425300D4D520 /* Project object */;
}
